
Microsoft Visual Studio Solution File, Format Version 12.00
# Visual Studio Version 16
VisualStudioVersion = 16.0.29519.87
MinimumVisualStudioVersion = 10.0.40219.1
Project("{FAE04EC0-301F-11D3-BF4B-00C04F79EFBC}") = "ConsoleApp1", "ConsoleApp1\ConsoleApp1.csproj", "{281829E8-2288-4A5D-9B6A-03A9EEE3C9EA}"
EndProject
Global
	GlobalSection(SolutionConfigurationPlatforms) = preSolution
		Debug|Any CPU = Debug|Any CPU
		Release|Any CPU = Release|Any CPU
	EndGlobalSection
	GlobalSection(ProjectConfigurationPlatforms) = postSolution
		{281829E8-2288-4A5D-9B6A-03A9EEE3C9EA}.Debug|Any CPU.ActiveCfg = Debug|Any CPU
		{281829E8-2288-4A5D-9B6A-03A9EEE3C9EA}.Debug|Any CPU.Build.0 = Debug|Any CPU
		{281829E8-2288-4A5D-9B6A-03A9EEE3C9EA}.Release|Any CPU.ActiveCfg = Release|Any CPU
		{281829E8-2288-4A5D-9B6A-03A9EEE3C9EA}.Release|Any CPU.Build.0 = Release|Any CPU
	EndGlobalSection
	GlobalSection(SolutionProperties) = preSolution
		HideSolutionNode = FALSE
	EndGlobalSection
	GlobalSection(ExtensibilityGlobals) = postSolution
		SolutionGuid = {C769D46C-79F6-4225-8E3B-F35689DC2A67}
	EndGlobalSection
EndGlobal
