
Microsoft Visual Studio Solution File, Format Version 12.00
# Visual Studio Version 16
VisualStudioVersion = 16.0.28729.10
MinimumVisualStudioVersion = 10.0.40219.1
Project("{FAE04EC0-301F-11D3-BF4B-00C04F79EFBC}") = "ConsoleApp1", "ConsoleApp1\ConsoleApp1.csproj", "{B3F7B464-D68B-492E-AD44-756B83B52F6B}"
EndProject
Global
	GlobalSection(SolutionConfigurationPlatforms) = preSolution
		Debug|Any CPU = Debug|Any CPU
		Release|Any CPU = Release|Any CPU
	EndGlobalSection
	GlobalSection(ProjectConfigurationPlatforms) = postSolution
		{B3F7B464-D68B-492E-AD44-756B83B52F6B}.Debug|Any CPU.ActiveCfg = Debug|Any CPU
		{B3F7B464-D68B-492E-AD44-756B83B52F6B}.Debug|Any CPU.Build.0 = Debug|Any CPU
		{B3F7B464-D68B-492E-AD44-756B83B52F6B}.Release|Any CPU.ActiveCfg = Release|Any CPU
		{B3F7B464-D68B-492E-AD44-756B83B52F6B}.Release|Any CPU.Build.0 = Release|Any CPU
	EndGlobalSection
	GlobalSection(SolutionProperties) = preSolution
		HideSolutionNode = FALSE
	EndGlobalSection
	GlobalSection(ExtensibilityGlobals) = postSolution
		SolutionGuid = {F5D640F5-E85C-47CB-95B7-84024616945C}
	EndGlobalSection
EndGlobal
