
Microsoft Visual Studio Solution File, Format Version 12.00
# Visual Studio Version 16
VisualStudioVersion = 16.0.29418.71
MinimumVisualStudioVersion = 10.0.40219.1
Project("{FAE04EC0-301F-11D3-BF4B-00C04F79EFBC}") = "WindowsFormsApp1", "WindowsFormsApp1\WindowsFormsApp1.csproj", "{367A466B-3D91-42D7-99F7-F3F26A53C189}"
EndProject
Global
	GlobalSection(SolutionConfigurationPlatforms) = preSolution
		Debug|Any CPU = Debug|Any CPU
		Release|Any CPU = Release|Any CPU
	EndGlobalSection
	GlobalSection(ProjectConfigurationPlatforms) = postSolution
		{367A466B-3D91-42D7-99F7-F3F26A53C189}.Debug|Any CPU.ActiveCfg = Debug|Any CPU
		{367A466B-3D91-42D7-99F7-F3F26A53C189}.Debug|Any CPU.Build.0 = Debug|Any CPU
		{367A466B-3D91-42D7-99F7-F3F26A53C189}.Release|Any CPU.ActiveCfg = Release|Any CPU
		{367A466B-3D91-42D7-99F7-F3F26A53C189}.Release|Any CPU.Build.0 = Release|Any CPU
	EndGlobalSection
	GlobalSection(SolutionProperties) = preSolution
		HideSolutionNode = FALSE
	EndGlobalSection
	GlobalSection(ExtensibilityGlobals) = postSolution
		SolutionGuid = {620D4B36-CB6B-4C75-A338-9A4DB45F83EB}
	EndGlobalSection
EndGlobal
